
Microsoft Visual Studio Solution File, Format Version 12.00
# Visual Studio 2017
Project("{FAE04EC0-301F-11D3-BF4B-00C04F79EFBC}") = "HoloLensTimer", "HoloLensTimer.csproj", "{08DAB5E7-BEEF-E89A-A8F3-7C7D0EFC063A}"
EndProject
Project("{FAE04EC0-301F-11D3-BF4B-00C04F79EFBC}") = "HoloLensTimer.Editor", "HoloLensTimer.Editor.csproj", "{F206C40A-75E5-8B20-288E-B03625E3B5F2}"
EndProject
Global
	GlobalSection(SolutionConfigurationPlatforms) = preSolution
		Debug|Any CPU = Debug|Any CPU
		Release|Any CPU = Release|Any CPU
	EndGlobalSection
	GlobalSection(ProjectConfigurationPlatforms) = postSolution
		{08DAB5E7-BEEF-E89A-A8F3-7C7D0EFC063A}.Debug|Any CPU.ActiveCfg = Debug|Any CPU
		{08DAB5E7-BEEF-E89A-A8F3-7C7D0EFC063A}.Debug|Any CPU.Build.0 = Debug|Any CPU
		{08DAB5E7-BEEF-E89A-A8F3-7C7D0EFC063A}.Release|Any CPU.ActiveCfg = Release|Any CPU
		{08DAB5E7-BEEF-E89A-A8F3-7C7D0EFC063A}.Release|Any CPU.Build.0 = Release|Any CPU
		{F206C40A-75E5-8B20-288E-B03625E3B5F2}.Debug|Any CPU.ActiveCfg = Debug|Any CPU
		{F206C40A-75E5-8B20-288E-B03625E3B5F2}.Debug|Any CPU.Build.0 = Debug|Any CPU
		{F206C40A-75E5-8B20-288E-B03625E3B5F2}.Release|Any CPU.ActiveCfg = Release|Any CPU
		{F206C40A-75E5-8B20-288E-B03625E3B5F2}.Release|Any CPU.Build.0 = Release|Any CPU
	EndGlobalSection
	GlobalSection(SolutionProperties) = preSolution
		HideSolutionNode = FALSE
	EndGlobalSection
EndGlobal
