
Microsoft Visual Studio Solution File, Format Version 12.00
# Visual Studio 15
VisualStudioVersion = 15.0.26403.0
MinimumVisualStudioVersion = 10.0.40219.1
Project("{FAE04EC0-301F-11D3-BF4B-00C04F79EFBC}") = "HoloLensTimer", "HoloLensTimer\HoloLensTimer.csproj", "{08DAB5E7-BEEF-E89A-A8F3-7C7D0EFC063A}"
EndProject
Project("{FAE04EC0-301F-11D3-BF4B-00C04F79EFBC}") = "Assembly-CSharp", "C:\Users\Lance\Documents\HoloLensTimer\App\GeneratedProjects\UWP\Assembly-CSharp\Assembly-CSharp.csproj", "{6852369B-9222-43C9-9408-BD918ECA7213}"
EndProject
Project("{FAE04EC0-301F-11D3-BF4B-00C04F79EFBC}") = "Assembly-CSharp-firstpass", "C:\Users\Lance\Documents\HoloLensTimer\App\GeneratedProjects\UWP\Assembly-CSharp-firstpass\Assembly-CSharp-firstpass.csproj", "{B8997D8F-0A42-4D9F-B0DA-74D864C93682}"
EndProject
Global
	GlobalSection(SolutionConfigurationPlatforms) = preSolution
		Debug|ARM = Debug|ARM
		Debug|x64 = Debug|x64
		Debug|x86 = Debug|x86
		Master|ARM = Master|ARM
		Master|x64 = Master|x64
		Master|x86 = Master|x86
		Release|ARM = Release|ARM
		Release|x64 = Release|x64
		Release|x86 = Release|x86
	EndGlobalSection
	GlobalSection(ProjectConfigurationPlatforms) = postSolution
		{08DAB5E7-BEEF-E89A-A8F3-7C7D0EFC063A}.Debug|ARM.ActiveCfg = Debug|ARM
		{08DAB5E7-BEEF-E89A-A8F3-7C7D0EFC063A}.Debug|ARM.Build.0 = Debug|ARM
		{08DAB5E7-BEEF-E89A-A8F3-7C7D0EFC063A}.Debug|ARM.Deploy.0 = Debug|ARM
		{08DAB5E7-BEEF-E89A-A8F3-7C7D0EFC063A}.Debug|x64.ActiveCfg = Debug|Any CPU
		{08DAB5E7-BEEF-E89A-A8F3-7C7D0EFC063A}.Debug|x64.Build.0 = Debug|Any CPU
		{08DAB5E7-BEEF-E89A-A8F3-7C7D0EFC063A}.Debug|x86.ActiveCfg = Debug|x86
		{08DAB5E7-BEEF-E89A-A8F3-7C7D0EFC063A}.Debug|x86.Build.0 = Debug|x86
		{08DAB5E7-BEEF-E89A-A8F3-7C7D0EFC063A}.Debug|x86.Deploy.0 = Debug|x86
		{08DAB5E7-BEEF-E89A-A8F3-7C7D0EFC063A}.Master|ARM.ActiveCfg = Release|ARM
		{08DAB5E7-BEEF-E89A-A8F3-7C7D0EFC063A}.Master|ARM.Build.0 = Release|ARM
		{08DAB5E7-BEEF-E89A-A8F3-7C7D0EFC063A}.Master|x64.ActiveCfg = Release|Any CPU
		{08DAB5E7-BEEF-E89A-A8F3-7C7D0EFC063A}.Master|x64.Build.0 = Release|Any CPU
		{08DAB5E7-BEEF-E89A-A8F3-7C7D0EFC063A}.Master|x86.ActiveCfg = Release|x86
		{08DAB5E7-BEEF-E89A-A8F3-7C7D0EFC063A}.Master|x86.Build.0 = Release|x86
		{08DAB5E7-BEEF-E89A-A8F3-7C7D0EFC063A}.Release|ARM.ActiveCfg = Release|ARM
		{08DAB5E7-BEEF-E89A-A8F3-7C7D0EFC063A}.Release|ARM.Build.0 = Release|ARM
		{08DAB5E7-BEEF-E89A-A8F3-7C7D0EFC063A}.Release|ARM.Deploy.0 = Release|ARM
		{08DAB5E7-BEEF-E89A-A8F3-7C7D0EFC063A}.Release|x64.ActiveCfg = Release|Any CPU
		{08DAB5E7-BEEF-E89A-A8F3-7C7D0EFC063A}.Release|x64.Build.0 = Release|Any CPU
		{08DAB5E7-BEEF-E89A-A8F3-7C7D0EFC063A}.Release|x86.ActiveCfg = Release|x86
		{08DAB5E7-BEEF-E89A-A8F3-7C7D0EFC063A}.Release|x86.Build.0 = Release|x86
		{08DAB5E7-BEEF-E89A-A8F3-7C7D0EFC063A}.Release|x86.Deploy.0 = Release|x86
		{6852369B-9222-43C9-9408-BD918ECA7213}.Debug|ARM.ActiveCfg = Debug|ARM
		{6852369B-9222-43C9-9408-BD918ECA7213}.Debug|ARM.Build.0 = Debug|ARM
		{6852369B-9222-43C9-9408-BD918ECA7213}.Debug|x64.ActiveCfg = Debug|x64
		{6852369B-9222-43C9-9408-BD918ECA7213}.Debug|x64.Build.0 = Debug|x64
		{6852369B-9222-43C9-9408-BD918ECA7213}.Debug|x86.ActiveCfg = Debug|x86
		{6852369B-9222-43C9-9408-BD918ECA7213}.Debug|x86.Build.0 = Debug|x86
		{6852369B-9222-43C9-9408-BD918ECA7213}.Master|ARM.ActiveCfg = Master|ARM
		{6852369B-9222-43C9-9408-BD918ECA7213}.Master|ARM.Build.0 = Master|ARM
		{6852369B-9222-43C9-9408-BD918ECA7213}.Master|x64.ActiveCfg = Master|x64
		{6852369B-9222-43C9-9408-BD918ECA7213}.Master|x64.Build.0 = Master|x64
		{6852369B-9222-43C9-9408-BD918ECA7213}.Master|x86.ActiveCfg = Master|x86
		{6852369B-9222-43C9-9408-BD918ECA7213}.Master|x86.Build.0 = Master|x86
		{6852369B-9222-43C9-9408-BD918ECA7213}.Release|ARM.ActiveCfg = Release|ARM
		{6852369B-9222-43C9-9408-BD918ECA7213}.Release|ARM.Build.0 = Release|ARM
		{6852369B-9222-43C9-9408-BD918ECA7213}.Release|x64.ActiveCfg = Release|x64
		{6852369B-9222-43C9-9408-BD918ECA7213}.Release|x64.Build.0 = Release|x64
		{6852369B-9222-43C9-9408-BD918ECA7213}.Release|x86.ActiveCfg = Release|x86
		{6852369B-9222-43C9-9408-BD918ECA7213}.Release|x86.Build.0 = Release|x86
		{B8997D8F-0A42-4D9F-B0DA-74D864C93682}.Debug|ARM.ActiveCfg = Debug|ARM
		{B8997D8F-0A42-4D9F-B0DA-74D864C93682}.Debug|ARM.Build.0 = Debug|ARM
		{B8997D8F-0A42-4D9F-B0DA-74D864C93682}.Debug|x64.ActiveCfg = Debug|x64
		{B8997D8F-0A42-4D9F-B0DA-74D864C93682}.Debug|x64.Build.0 = Debug|x64
		{B8997D8F-0A42-4D9F-B0DA-74D864C93682}.Debug|x86.ActiveCfg = Debug|x86
		{B8997D8F-0A42-4D9F-B0DA-74D864C93682}.Debug|x86.Build.0 = Debug|x86
		{B8997D8F-0A42-4D9F-B0DA-74D864C93682}.Master|ARM.ActiveCfg = Master|ARM
		{B8997D8F-0A42-4D9F-B0DA-74D864C93682}.Master|ARM.Build.0 = Master|ARM
		{B8997D8F-0A42-4D9F-B0DA-74D864C93682}.Master|x64.ActiveCfg = Master|x64
		{B8997D8F-0A42-4D9F-B0DA-74D864C93682}.Master|x64.Build.0 = Master|x64
		{B8997D8F-0A42-4D9F-B0DA-74D864C93682}.Master|x86.ActiveCfg = Master|x86
		{B8997D8F-0A42-4D9F-B0DA-74D864C93682}.Master|x86.Build.0 = Master|x86
		{B8997D8F-0A42-4D9F-B0DA-74D864C93682}.Release|ARM.ActiveCfg = Release|ARM
		{B8997D8F-0A42-4D9F-B0DA-74D864C93682}.Release|ARM.Build.0 = Release|ARM
		{B8997D8F-0A42-4D9F-B0DA-74D864C93682}.Release|x64.ActiveCfg = Release|x64
		{B8997D8F-0A42-4D9F-B0DA-74D864C93682}.Release|x64.Build.0 = Release|x64
		{B8997D8F-0A42-4D9F-B0DA-74D864C93682}.Release|x86.ActiveCfg = Release|x86
		{B8997D8F-0A42-4D9F-B0DA-74D864C93682}.Release|x86.Build.0 = Release|x86
	EndGlobalSection
	GlobalSection(SolutionProperties) = preSolution
		HideSolutionNode = FALSE
	EndGlobalSection
EndGlobal
