
Microsoft Visual Studio Solution File, Format Version 12.00
# Visual Studio 14
VisualStudioVersion = 14.0.25420.1
MinimumVisualStudioVersion = 10.0.40219.1
Project("{FAE04EC0-301F-11D3-BF4B-00C04F79EFBC}") = "HoloLensTimer", "HoloLensTimer\HoloLensTimer.csproj", "{13A45C13-3265-47B8-BC48-A553B569DF55}"
EndProject
Project("{FAE04EC0-301F-11D3-BF4B-00C04F79EFBC}") = "Assembly-CSharp", "C:\Users\lance\Downloads\App\HoloLensTimer\App\GeneratedProjects\UWP\Assembly-CSharp\Assembly-CSharp.csproj", "{3463E69A-1577-4A35-9A37-9A1FE5BF6EE4}"
EndProject
Project("{FAE04EC0-301F-11D3-BF4B-00C04F79EFBC}") = "Assembly-CSharp-firstpass", "C:\Users\lance\Downloads\App\HoloLensTimer\App\GeneratedProjects\UWP\Assembly-CSharp-firstpass\Assembly-CSharp-firstpass.csproj", "{9F2FBB4C-E6C4-42E6-B1D0-9159E8AD81E6}"
EndProject
Global
	GlobalSection(SolutionConfigurationPlatforms) = preSolution
		Debug|ARM = Debug|ARM
		Debug|x64 = Debug|x64
		Debug|x86 = Debug|x86
		Master|ARM = Master|ARM
		Master|x64 = Master|x64
		Master|x86 = Master|x86
		Release|ARM = Release|ARM
		Release|x64 = Release|x64
		Release|x86 = Release|x86
	EndGlobalSection
	GlobalSection(ProjectConfigurationPlatforms) = postSolution
		{13A45C13-3265-47B8-BC48-A553B569DF55}.Debug|ARM.ActiveCfg = Debug|ARM
		{13A45C13-3265-47B8-BC48-A553B569DF55}.Debug|ARM.Build.0 = Debug|ARM
		{13A45C13-3265-47B8-BC48-A553B569DF55}.Debug|ARM.Deploy.0 = Debug|ARM
		{13A45C13-3265-47B8-BC48-A553B569DF55}.Debug|x64.ActiveCfg = Debug|x64
		{13A45C13-3265-47B8-BC48-A553B569DF55}.Debug|x64.Build.0 = Debug|x64
		{13A45C13-3265-47B8-BC48-A553B569DF55}.Debug|x64.Deploy.0 = Debug|x64
		{13A45C13-3265-47B8-BC48-A553B569DF55}.Debug|x86.ActiveCfg = Debug|x86
		{13A45C13-3265-47B8-BC48-A553B569DF55}.Debug|x86.Build.0 = Debug|x86
		{13A45C13-3265-47B8-BC48-A553B569DF55}.Debug|x86.Deploy.0 = Debug|x86
		{13A45C13-3265-47B8-BC48-A553B569DF55}.Master|ARM.ActiveCfg = Master|ARM
		{13A45C13-3265-47B8-BC48-A553B569DF55}.Master|ARM.Build.0 = Master|ARM
		{13A45C13-3265-47B8-BC48-A553B569DF55}.Master|ARM.Deploy.0 = Master|ARM
		{13A45C13-3265-47B8-BC48-A553B569DF55}.Master|x64.ActiveCfg = Master|x64
		{13A45C13-3265-47B8-BC48-A553B569DF55}.Master|x64.Build.0 = Master|x64
		{13A45C13-3265-47B8-BC48-A553B569DF55}.Master|x64.Deploy.0 = Master|x64
		{13A45C13-3265-47B8-BC48-A553B569DF55}.Master|x86.ActiveCfg = Master|x86
		{13A45C13-3265-47B8-BC48-A553B569DF55}.Master|x86.Build.0 = Master|x86
		{13A45C13-3265-47B8-BC48-A553B569DF55}.Master|x86.Deploy.0 = Master|x86
		{13A45C13-3265-47B8-BC48-A553B569DF55}.Release|ARM.ActiveCfg = Release|ARM
		{13A45C13-3265-47B8-BC48-A553B569DF55}.Release|ARM.Build.0 = Release|ARM
		{13A45C13-3265-47B8-BC48-A553B569DF55}.Release|ARM.Deploy.0 = Release|ARM
		{13A45C13-3265-47B8-BC48-A553B569DF55}.Release|x64.ActiveCfg = Release|x64
		{13A45C13-3265-47B8-BC48-A553B569DF55}.Release|x64.Build.0 = Release|x64
		{13A45C13-3265-47B8-BC48-A553B569DF55}.Release|x64.Deploy.0 = Release|x64
		{13A45C13-3265-47B8-BC48-A553B569DF55}.Release|x86.ActiveCfg = Release|x86
		{13A45C13-3265-47B8-BC48-A553B569DF55}.Release|x86.Build.0 = Release|x86
		{13A45C13-3265-47B8-BC48-A553B569DF55}.Release|x86.Deploy.0 = Release|x86
		{3463E69A-1577-4A35-9A37-9A1FE5BF6EE4}.Debug|ARM.ActiveCfg = Debug|ARM
		{3463E69A-1577-4A35-9A37-9A1FE5BF6EE4}.Debug|ARM.Build.0 = Debug|ARM
		{3463E69A-1577-4A35-9A37-9A1FE5BF6EE4}.Debug|x64.ActiveCfg = Debug|x64
		{3463E69A-1577-4A35-9A37-9A1FE5BF6EE4}.Debug|x64.Build.0 = Debug|x64
		{3463E69A-1577-4A35-9A37-9A1FE5BF6EE4}.Debug|x86.ActiveCfg = Debug|x86
		{3463E69A-1577-4A35-9A37-9A1FE5BF6EE4}.Debug|x86.Build.0 = Debug|x86
		{3463E69A-1577-4A35-9A37-9A1FE5BF6EE4}.Master|ARM.ActiveCfg = Master|ARM
		{3463E69A-1577-4A35-9A37-9A1FE5BF6EE4}.Master|ARM.Build.0 = Master|ARM
		{3463E69A-1577-4A35-9A37-9A1FE5BF6EE4}.Master|x64.ActiveCfg = Master|x64
		{3463E69A-1577-4A35-9A37-9A1FE5BF6EE4}.Master|x64.Build.0 = Master|x64
		{3463E69A-1577-4A35-9A37-9A1FE5BF6EE4}.Master|x86.ActiveCfg = Master|x86
		{3463E69A-1577-4A35-9A37-9A1FE5BF6EE4}.Master|x86.Build.0 = Master|x86
		{3463E69A-1577-4A35-9A37-9A1FE5BF6EE4}.Release|ARM.ActiveCfg = Release|ARM
		{3463E69A-1577-4A35-9A37-9A1FE5BF6EE4}.Release|ARM.Build.0 = Release|ARM
		{3463E69A-1577-4A35-9A37-9A1FE5BF6EE4}.Release|x64.ActiveCfg = Release|x64
		{3463E69A-1577-4A35-9A37-9A1FE5BF6EE4}.Release|x64.Build.0 = Release|x64
		{3463E69A-1577-4A35-9A37-9A1FE5BF6EE4}.Release|x86.ActiveCfg = Release|x86
		{3463E69A-1577-4A35-9A37-9A1FE5BF6EE4}.Release|x86.Build.0 = Release|x86
		{9F2FBB4C-E6C4-42E6-B1D0-9159E8AD81E6}.Debug|ARM.ActiveCfg = Debug|ARM
		{9F2FBB4C-E6C4-42E6-B1D0-9159E8AD81E6}.Debug|ARM.Build.0 = Debug|ARM
		{9F2FBB4C-E6C4-42E6-B1D0-9159E8AD81E6}.Debug|x64.ActiveCfg = Debug|x64
		{9F2FBB4C-E6C4-42E6-B1D0-9159E8AD81E6}.Debug|x64.Build.0 = Debug|x64
		{9F2FBB4C-E6C4-42E6-B1D0-9159E8AD81E6}.Debug|x86.ActiveCfg = Debug|x86
		{9F2FBB4C-E6C4-42E6-B1D0-9159E8AD81E6}.Debug|x86.Build.0 = Debug|x86
		{9F2FBB4C-E6C4-42E6-B1D0-9159E8AD81E6}.Master|ARM.ActiveCfg = Master|ARM
		{9F2FBB4C-E6C4-42E6-B1D0-9159E8AD81E6}.Master|ARM.Build.0 = Master|ARM
		{9F2FBB4C-E6C4-42E6-B1D0-9159E8AD81E6}.Master|x64.ActiveCfg = Master|x64
		{9F2FBB4C-E6C4-42E6-B1D0-9159E8AD81E6}.Master|x64.Build.0 = Master|x64
		{9F2FBB4C-E6C4-42E6-B1D0-9159E8AD81E6}.Master|x86.ActiveCfg = Master|x86
		{9F2FBB4C-E6C4-42E6-B1D0-9159E8AD81E6}.Master|x86.Build.0 = Master|x86
		{9F2FBB4C-E6C4-42E6-B1D0-9159E8AD81E6}.Release|ARM.ActiveCfg = Release|ARM
		{9F2FBB4C-E6C4-42E6-B1D0-9159E8AD81E6}.Release|ARM.Build.0 = Release|ARM
		{9F2FBB4C-E6C4-42E6-B1D0-9159E8AD81E6}.Release|x64.ActiveCfg = Release|x64
		{9F2FBB4C-E6C4-42E6-B1D0-9159E8AD81E6}.Release|x64.Build.0 = Release|x64
		{9F2FBB4C-E6C4-42E6-B1D0-9159E8AD81E6}.Release|x86.ActiveCfg = Release|x86
		{9F2FBB4C-E6C4-42E6-B1D0-9159E8AD81E6}.Release|x86.Build.0 = Release|x86
	EndGlobalSection
	GlobalSection(SolutionProperties) = preSolution
		HideSolutionNode = FALSE
	EndGlobalSection
EndGlobal
